
Microsoft Visual Studio Solution File, Format Version 12.00
# Visual Studio Version 16
VisualStudioVersion = 16.0.31729.503
MinimumVisualStudioVersion = 10.0.40219.1
Project("{FAE04EC0-301F-11D3-BF4B-00C04F79EFBC}") = "PLC", "PLC\PLC.csproj", "{F5A6DD45-7105-4D4B-AB1E-072A0F821155}"
EndProject
Global
	GlobalSection(SolutionConfigurationPlatforms) = preSolution
		Debug|Any CPU = Debug|Any CPU
		Release|Any CPU = Release|Any CPU
	EndGlobalSection
	GlobalSection(ProjectConfigurationPlatforms) = postSolution
		{F5A6DD45-7105-4D4B-AB1E-072A0F821155}.Debug|Any CPU.ActiveCfg = Debug|Any CPU
		{F5A6DD45-7105-4D4B-AB1E-072A0F821155}.Debug|Any CPU.Build.0 = Debug|Any CPU
		{F5A6DD45-7105-4D4B-AB1E-072A0F821155}.Release|Any CPU.ActiveCfg = Release|Any CPU
		{F5A6DD45-7105-4D4B-AB1E-072A0F821155}.Release|Any CPU.Build.0 = Release|Any CPU
	EndGlobalSection
	GlobalSection(SolutionProperties) = preSolution
		HideSolutionNode = FALSE
	EndGlobalSection
	GlobalSection(ExtensibilityGlobals) = postSolution
		SolutionGuid = {39D4F543-EFC7-49ED-B3F8-3D2A317D950F}
	EndGlobalSection
EndGlobal
